
Microsoft Visual Studio Solution File, Format Version 12.00
# Visual Studio Version 18
VisualStudioVersion = 18.7.11925.98
MinimumVisualStudioVersion = 10.0.40219.1
Project("{9A19103F-16F7-4668-BE54-9A1E7A4F7556}") = "HeadlessBlazor", "src\HeadlessBlazor\HeadlessBlazor.csproj", "{44010F52-D712-4403-BF9C-08A464727230}"
EndProject
Project("{9A19103F-16F7-4668-BE54-9A1E7A4F7556}") = "HeadlessBlazor.Dropdown", "src\HeadlessBlazor.Dropdown\HeadlessBlazor.Dropdown.csproj", "{E207C22E-D5FC-47C0-BA77-2A75B0B03272}"
EndProject
Project("{2150E333-8FDC-42A3-9474-1A3956D46DE8}") = "docs", "docs", "{45E6AD2B-E550-4375-A452-63A8FE7787E4}"
	ProjectSection(SolutionItems) = preProject
		README.md = README.md
	EndProjectSection
EndProject
Project("{9A19103F-16F7-4668-BE54-9A1E7A4F7556}") = "HeadlessBlazor.Core", "src\HeadlessBlazor.Core\HeadlessBlazor.Core.csproj", "{E3A1957A-9803-4B81-B1F0-EB66F8E7DE12}"
EndProject
Project("{9A19103F-16F7-4668-BE54-9A1E7A4F7556}") = "HeadlessBlazor.DarkMode", "src\HeadlessBlazor.DarkMode\HeadlessBlazor.DarkMode.csproj", "{3F8A1B2C-4D5E-46F7-9A8B-0C1D2E3F4A5B}"
EndProject
Project("{9A19103F-16F7-4668-BE54-9A1E7A4F7556}") = "HeadlessBlazor.Docs.Client", "docs\HeadlessBlazor.Docs.Client\HeadlessBlazor.Docs.Client.csproj", "{802E5B41-3FE0-49D3-B6F6-B43F98DD294A}"
EndProject
Project("{9A19103F-16F7-4668-BE54-9A1E7A4F7556}") = "HeadlessBlazor.Docs", "docs\HeadlessBlazor.Docs\HeadlessBlazor.Docs.csproj", "{289A8091-D213-4689-B1CD-03E5F15AF32F}"
EndProject
Project("{9A19103F-16F7-4668-BE54-9A1E7A4F7556}") = "HeadlessBlazor.FloatingElement", "src\HeadlessBlazor.FloatingElement\HeadlessBlazor.FloatingElement.csproj", "{C6C092FD-EDA4-4313-B7D8-E162861A2750}"
EndProject
Project("{9A19103F-16F7-4668-BE54-9A1E7A4F7556}") = "HeadlessBlazor.OutsideClick", "src\HeadlessBlazor.OutsideClick\HeadlessBlazor.OutsideClick.csproj", "{A9EA3407-BCEE-4F73-980F-8287C71CB8DF}"
EndProject
Project("{FAE04EC0-301F-11D3-BF4B-00C04F79EFBC}") = "HeadlessBlazor.Modal", "src\HeadlessBlazor.Modal\HeadlessBlazor.Modal.csproj", "{FE8BFE31-7445-4EF9-BAC1-BFE0948A12C5}"
EndProject
Project("{FAE04EC0-301F-11D3-BF4B-00C04F79EFBC}") = "HeadlessBlazor.Toast", "src\HeadlessBlazor.Toast\HeadlessBlazor.Toast.csproj", "{2DDD50A4-4530-4B37-B4D8-9AC3868CB205}"
EndProject
Project("{FAE04EC0-301F-11D3-BF4B-00C04F79EFBC}") = "HeadlessBlazor.Forms", "src\HeadlessBlazor.Forms\HeadlessBlazor.Forms.csproj", "{7E9B8691-464D-62F8-14B6-FF02BC4D4D92}"
EndProject
Project("{2150E333-8FDC-42A3-9474-1A3956D46DE8}") = "tests", "tests", "{0AB3BF05-4346-4AA6-1389-037BE0695223}"
EndProject
Project("{FAE04EC0-301F-11D3-BF4B-00C04F79EFBC}") = "HeadlessBlazor.Tests", "tests\HeadlessBlazor.Tests\HeadlessBlazor.Tests.csproj", "{F3B1D943-B828-4A72-A7E1-B7E800584375}"
EndProject
Project("{2150E333-8FDC-42A3-9474-1A3956D46DE8}") = "src", "src", "{827E0CD3-B72D-47B6-A68D-7590B98EB39B}"
EndProject
Project("{FAE04EC0-301F-11D3-BF4B-00C04F79EFBC}") = "HeadlessBlazor.E2E.Host.Client", "tests\HeadlessBlazor.E2E.Host.Client\HeadlessBlazor.E2E.Host.Client.csproj", "{CE47C6EC-18FF-4461-9C8D-0D7C58F61A83}"
EndProject
Project("{FAE04EC0-301F-11D3-BF4B-00C04F79EFBC}") = "HeadlessBlazor.E2E.Host", "tests\HeadlessBlazor.E2E.Host\HeadlessBlazor.E2E.Host.csproj", "{A978DFBE-F24F-465F-83C7-94CC6DD826BF}"
EndProject
Project("{FAE04EC0-301F-11D3-BF4B-00C04F79EFBC}") = "HeadlessBlazor.E2E.Tests", "tests\HeadlessBlazor.E2E.Tests\HeadlessBlazor.E2E.Tests.csproj", "{56179318-60FC-49A8-85A0-D48A6CF3E963}"
EndProject
Global
	GlobalSection(SolutionConfigurationPlatforms) = preSolution
		Debug|Any CPU = Debug|Any CPU
		Debug|x64 = Debug|x64
		Debug|x86 = Debug|x86
		Release|Any CPU = Release|Any CPU
		Release|x64 = Release|x64
		Release|x86 = Release|x86
	EndGlobalSection
	GlobalSection(ProjectConfigurationPlatforms) = postSolution
		{44010F52-D712-4403-BF9C-08A464727230}.Debug|Any CPU.ActiveCfg = Debug|Any CPU
		{44010F52-D712-4403-BF9C-08A464727230}.Debug|Any CPU.Build.0 = Debug|Any CPU
		{44010F52-D712-4403-BF9C-08A464727230}.Debug|x64.ActiveCfg = Debug|Any CPU
		{44010F52-D712-4403-BF9C-08A464727230}.Debug|x64.Build.0 = Debug|Any CPU
		{44010F52-D712-4403-BF9C-08A464727230}.Debug|x86.ActiveCfg = Debug|Any CPU
		{44010F52-D712-4403-BF9C-08A464727230}.Debug|x86.Build.0 = Debug|Any CPU
		{44010F52-D712-4403-BF9C-08A464727230}.Release|Any CPU.ActiveCfg = Release|Any CPU
		{44010F52-D712-4403-BF9C-08A464727230}.Release|Any CPU.Build.0 = Release|Any CPU
		{44010F52-D712-4403-BF9C-08A464727230}.Release|x64.ActiveCfg = Release|Any CPU
		{44010F52-D712-4403-BF9C-08A464727230}.Release|x64.Build.0 = Release|Any CPU
		{44010F52-D712-4403-BF9C-08A464727230}.Release|x86.ActiveCfg = Release|Any CPU
		{44010F52-D712-4403-BF9C-08A464727230}.Release|x86.Build.0 = Release|Any CPU
		{E207C22E-D5FC-47C0-BA77-2A75B0B03272}.Debug|Any CPU.ActiveCfg = Debug|Any CPU
		{E207C22E-D5FC-47C0-BA77-2A75B0B03272}.Debug|Any CPU.Build.0 = Debug|Any CPU
		{E207C22E-D5FC-47C0-BA77-2A75B0B03272}.Debug|x64.ActiveCfg = Debug|Any CPU
		{E207C22E-D5FC-47C0-BA77-2A75B0B03272}.Debug|x64.Build.0 = Debug|Any CPU
		{E207C22E-D5FC-47C0-BA77-2A75B0B03272}.Debug|x86.ActiveCfg = Debug|Any CPU
		{E207C22E-D5FC-47C0-BA77-2A75B0B03272}.Debug|x86.Build.0 = Debug|Any CPU
		{E207C22E-D5FC-47C0-BA77-2A75B0B03272}.Release|Any CPU.ActiveCfg = Release|Any CPU
		{E207C22E-D5FC-47C0-BA77-2A75B0B03272}.Release|Any CPU.Build.0 = Release|Any CPU
		{E207C22E-D5FC-47C0-BA77-2A75B0B03272}.Release|x64.ActiveCfg = Release|Any CPU
		{E207C22E-D5FC-47C0-BA77-2A75B0B03272}.Release|x64.Build.0 = Release|Any CPU
		{E207C22E-D5FC-47C0-BA77-2A75B0B03272}.Release|x86.ActiveCfg = Release|Any CPU
		{E207C22E-D5FC-47C0-BA77-2A75B0B03272}.Release|x86.Build.0 = Release|Any CPU
		{E3A1957A-9803-4B81-B1F0-EB66F8E7DE12}.Debug|Any CPU.ActiveCfg = Debug|Any CPU
		{E3A1957A-9803-4B81-B1F0-EB66F8E7DE12}.Debug|Any CPU.Build.0 = Debug|Any CPU
		{E3A1957A-9803-4B81-B1F0-EB66F8E7DE12}.Debug|x64.ActiveCfg = Debug|Any CPU
		{E3A1957A-9803-4B81-B1F0-EB66F8E7DE12}.Debug|x64.Build.0 = Debug|Any CPU
		{E3A1957A-9803-4B81-B1F0-EB66F8E7DE12}.Debug|x86.ActiveCfg = Debug|Any CPU
		{E3A1957A-9803-4B81-B1F0-EB66F8E7DE12}.Debug|x86.Build.0 = Debug|Any CPU
		{E3A1957A-9803-4B81-B1F0-EB66F8E7DE12}.Release|Any CPU.ActiveCfg = Release|Any CPU
		{E3A1957A-9803-4B81-B1F0-EB66F8E7DE12}.Release|Any CPU.Build.0 = Release|Any CPU
		{E3A1957A-9803-4B81-B1F0-EB66F8E7DE12}.Release|x64.ActiveCfg = Release|Any CPU
		{E3A1957A-9803-4B81-B1F0-EB66F8E7DE12}.Release|x64.Build.0 = Release|Any CPU
		{E3A1957A-9803-4B81-B1F0-EB66F8E7DE12}.Release|x86.ActiveCfg = Release|Any CPU
		{E3A1957A-9803-4B81-B1F0-EB66F8E7DE12}.Release|x86.Build.0 = Release|Any CPU
		{3F8A1B2C-4D5E-46F7-9A8B-0C1D2E3F4A5B}.Debug|Any CPU.ActiveCfg = Debug|Any CPU
		{3F8A1B2C-4D5E-46F7-9A8B-0C1D2E3F4A5B}.Debug|Any CPU.Build.0 = Debug|Any CPU
		{3F8A1B2C-4D5E-46F7-9A8B-0C1D2E3F4A5B}.Debug|x64.ActiveCfg = Debug|Any CPU
		{3F8A1B2C-4D5E-46F7-9A8B-0C1D2E3F4A5B}.Debug|x64.Build.0 = Debug|Any CPU
		{3F8A1B2C-4D5E-46F7-9A8B-0C1D2E3F4A5B}.Debug|x86.ActiveCfg = Debug|Any CPU
		{3F8A1B2C-4D5E-46F7-9A8B-0C1D2E3F4A5B}.Debug|x86.Build.0 = Debug|Any CPU
		{3F8A1B2C-4D5E-46F7-9A8B-0C1D2E3F4A5B}.Release|Any CPU.ActiveCfg = Release|Any CPU
		{3F8A1B2C-4D5E-46F7-9A8B-0C1D2E3F4A5B}.Release|Any CPU.Build.0 = Release|Any CPU
		{3F8A1B2C-4D5E-46F7-9A8B-0C1D2E3F4A5B}.Release|x64.ActiveCfg = Release|Any CPU
		{3F8A1B2C-4D5E-46F7-9A8B-0C1D2E3F4A5B}.Release|x64.Build.0 = Release|Any CPU
		{3F8A1B2C-4D5E-46F7-9A8B-0C1D2E3F4A5B}.Release|x86.ActiveCfg = Release|Any CPU
		{3F8A1B2C-4D5E-46F7-9A8B-0C1D2E3F4A5B}.Release|x86.Build.0 = Release|Any CPU
		{802E5B41-3FE0-49D3-B6F6-B43F98DD294A}.Debug|Any CPU.ActiveCfg = Debug|Any CPU
		{802E5B41-3FE0-49D3-B6F6-B43F98DD294A}.Debug|Any CPU.Build.0 = Debug|Any CPU
		{802E5B41-3FE0-49D3-B6F6-B43F98DD294A}.Debug|x64.ActiveCfg = Debug|Any CPU
		{802E5B41-3FE0-49D3-B6F6-B43F98DD294A}.Debug|x64.Build.0 = Debug|Any CPU
		{802E5B41-3FE0-49D3-B6F6-B43F98DD294A}.Debug|x86.ActiveCfg = Debug|Any CPU
		{802E5B41-3FE0-49D3-B6F6-B43F98DD294A}.Debug|x86.Build.0 = Debug|Any CPU
		{802E5B41-3FE0-49D3-B6F6-B43F98DD294A}.Release|Any CPU.ActiveCfg = Release|Any CPU
		{802E5B41-3FE0-49D3-B6F6-B43F98DD294A}.Release|Any CPU.Build.0 = Release|Any CPU
		{802E5B41-3FE0-49D3-B6F6-B43F98DD294A}.Release|x64.ActiveCfg = Release|Any CPU
		{802E5B41-3FE0-49D3-B6F6-B43F98DD294A}.Release|x64.Build.0 = Release|Any CPU
		{802E5B41-3FE0-49D3-B6F6-B43F98DD294A}.Release|x86.ActiveCfg = Release|Any CPU
		{802E5B41-3FE0-49D3-B6F6-B43F98DD294A}.Release|x86.Build.0 = Release|Any CPU
		{289A8091-D213-4689-B1CD-03E5F15AF32F}.Debug|Any CPU.ActiveCfg = Debug|Any CPU
		{289A8091-D213-4689-B1CD-03E5F15AF32F}.Debug|Any CPU.Build.0 = Debug|Any CPU
		{289A8091-D213-4689-B1CD-03E5F15AF32F}.Debug|x64.ActiveCfg = Debug|Any CPU
		{289A8091-D213-4689-B1CD-03E5F15AF32F}.Debug|x64.Build.0 = Debug|Any CPU
		{289A8091-D213-4689-B1CD-03E5F15AF32F}.Debug|x86.ActiveCfg = Debug|Any CPU
		{289A8091-D213-4689-B1CD-03E5F15AF32F}.Debug|x86.Build.0 = Debug|Any CPU
		{289A8091-D213-4689-B1CD-03E5F15AF32F}.Release|Any CPU.ActiveCfg = Release|Any CPU
		{289A8091-D213-4689-B1CD-03E5F15AF32F}.Release|Any CPU.Build.0 = Release|Any CPU
		{289A8091-D213-4689-B1CD-03E5F15AF32F}.Release|x64.ActiveCfg = Release|Any CPU
		{289A8091-D213-4689-B1CD-03E5F15AF32F}.Release|x64.Build.0 = Release|Any CPU
		{289A8091-D213-4689-B1CD-03E5F15AF32F}.Release|x86.ActiveCfg = Release|Any CPU
		{289A8091-D213-4689-B1CD-03E5F15AF32F}.Release|x86.Build.0 = Release|Any CPU
		{C6C092FD-EDA4-4313-B7D8-E162861A2750}.Debug|Any CPU.ActiveCfg = Debug|Any CPU
		{C6C092FD-EDA4-4313-B7D8-E162861A2750}.Debug|Any CPU.Build.0 = Debug|Any CPU
		{C6C092FD-EDA4-4313-B7D8-E162861A2750}.Debug|x64.ActiveCfg = Debug|Any CPU
		{C6C092FD-EDA4-4313-B7D8-E162861A2750}.Debug|x64.Build.0 = Debug|Any CPU
		{C6C092FD-EDA4-4313-B7D8-E162861A2750}.Debug|x86.ActiveCfg = Debug|Any CPU
		{C6C092FD-EDA4-4313-B7D8-E162861A2750}.Debug|x86.Build.0 = Debug|Any CPU
		{C6C092FD-EDA4-4313-B7D8-E162861A2750}.Release|Any CPU.ActiveCfg = Release|Any CPU
		{C6C092FD-EDA4-4313-B7D8-E162861A2750}.Release|Any CPU.Build.0 = Release|Any CPU
		{C6C092FD-EDA4-4313-B7D8-E162861A2750}.Release|x64.ActiveCfg = Release|Any CPU
		{C6C092FD-EDA4-4313-B7D8-E162861A2750}.Release|x64.Build.0 = Release|Any CPU
		{C6C092FD-EDA4-4313-B7D8-E162861A2750}.Release|x86.ActiveCfg = Release|Any CPU
		{C6C092FD-EDA4-4313-B7D8-E162861A2750}.Release|x86.Build.0 = Release|Any CPU
		{A9EA3407-BCEE-4F73-980F-8287C71CB8DF}.Debug|Any CPU.ActiveCfg = Debug|Any CPU
		{A9EA3407-BCEE-4F73-980F-8287C71CB8DF}.Debug|Any CPU.Build.0 = Debug|Any CPU
		{A9EA3407-BCEE-4F73-980F-8287C71CB8DF}.Debug|x64.ActiveCfg = Debug|Any CPU
		{A9EA3407-BCEE-4F73-980F-8287C71CB8DF}.Debug|x64.Build.0 = Debug|Any CPU
		{A9EA3407-BCEE-4F73-980F-8287C71CB8DF}.Debug|x86.ActiveCfg = Debug|Any CPU
		{A9EA3407-BCEE-4F73-980F-8287C71CB8DF}.Debug|x86.Build.0 = Debug|Any CPU
		{A9EA3407-BCEE-4F73-980F-8287C71CB8DF}.Release|Any CPU.ActiveCfg = Release|Any CPU
		{A9EA3407-BCEE-4F73-980F-8287C71CB8DF}.Release|Any CPU.Build.0 = Release|Any CPU
		{A9EA3407-BCEE-4F73-980F-8287C71CB8DF}.Release|x64.ActiveCfg = Release|Any CPU
		{A9EA3407-BCEE-4F73-980F-8287C71CB8DF}.Release|x64.Build.0 = Release|Any CPU
		{A9EA3407-BCEE-4F73-980F-8287C71CB8DF}.Release|x86.ActiveCfg = Release|Any CPU
		{A9EA3407-BCEE-4F73-980F-8287C71CB8DF}.Release|x86.Build.0 = Release|Any CPU
		{FE8BFE31-7445-4EF9-BAC1-BFE0948A12C5}.Debug|Any CPU.ActiveCfg = Debug|Any CPU
		{FE8BFE31-7445-4EF9-BAC1-BFE0948A12C5}.Debug|Any CPU.Build.0 = Debug|Any CPU
		{FE8BFE31-7445-4EF9-BAC1-BFE0948A12C5}.Debug|x64.ActiveCfg = Debug|Any CPU
		{FE8BFE31-7445-4EF9-BAC1-BFE0948A12C5}.Debug|x64.Build.0 = Debug|Any CPU
		{FE8BFE31-7445-4EF9-BAC1-BFE0948A12C5}.Debug|x86.ActiveCfg = Debug|Any CPU
		{FE8BFE31-7445-4EF9-BAC1-BFE0948A12C5}.Debug|x86.Build.0 = Debug|Any CPU
		{FE8BFE31-7445-4EF9-BAC1-BFE0948A12C5}.Release|Any CPU.ActiveCfg = Release|Any CPU
		{FE8BFE31-7445-4EF9-BAC1-BFE0948A12C5}.Release|Any CPU.Build.0 = Release|Any CPU
		{FE8BFE31-7445-4EF9-BAC1-BFE0948A12C5}.Release|x64.ActiveCfg = Release|Any CPU
		{FE8BFE31-7445-4EF9-BAC1-BFE0948A12C5}.Release|x64.Build.0 = Release|Any CPU
		{FE8BFE31-7445-4EF9-BAC1-BFE0948A12C5}.Release|x86.ActiveCfg = Release|Any CPU
		{FE8BFE31-7445-4EF9-BAC1-BFE0948A12C5}.Release|x86.Build.0 = Release|Any CPU
		{2DDD50A4-4530-4B37-B4D8-9AC3868CB205}.Debug|Any CPU.ActiveCfg = Debug|Any CPU
		{2DDD50A4-4530-4B37-B4D8-9AC3868CB205}.Debug|Any CPU.Build.0 = Debug|Any CPU
		{2DDD50A4-4530-4B37-B4D8-9AC3868CB205}.Debug|x64.ActiveCfg = Debug|Any CPU
		{2DDD50A4-4530-4B37-B4D8-9AC3868CB205}.Debug|x64.Build.0 = Debug|Any CPU
		{2DDD50A4-4530-4B37-B4D8-9AC3868CB205}.Debug|x86.ActiveCfg = Debug|Any CPU
		{2DDD50A4-4530-4B37-B4D8-9AC3868CB205}.Debug|x86.Build.0 = Debug|Any CPU
		{2DDD50A4-4530-4B37-B4D8-9AC3868CB205}.Release|Any CPU.ActiveCfg = Release|Any CPU
		{2DDD50A4-4530-4B37-B4D8-9AC3868CB205}.Release|Any CPU.Build.0 = Release|Any CPU
		{2DDD50A4-4530-4B37-B4D8-9AC3868CB205}.Release|x64.ActiveCfg = Release|Any CPU
		{2DDD50A4-4530-4B37-B4D8-9AC3868CB205}.Release|x64.Build.0 = Release|Any CPU
		{2DDD50A4-4530-4B37-B4D8-9AC3868CB205}.Release|x86.ActiveCfg = Release|Any CPU
		{2DDD50A4-4530-4B37-B4D8-9AC3868CB205}.Release|x86.Build.0 = Release|Any CPU
		{7E9B8691-464D-62F8-14B6-FF02BC4D4D92}.Debug|Any CPU.ActiveCfg = Debug|Any CPU
		{7E9B8691-464D-62F8-14B6-FF02BC4D4D92}.Debug|Any CPU.Build.0 = Debug|Any CPU
		{7E9B8691-464D-62F8-14B6-FF02BC4D4D92}.Debug|x64.ActiveCfg = Debug|Any CPU
		{7E9B8691-464D-62F8-14B6-FF02BC4D4D92}.Debug|x64.Build.0 = Debug|Any CPU
		{7E9B8691-464D-62F8-14B6-FF02BC4D4D92}.Debug|x86.ActiveCfg = Debug|Any CPU
		{7E9B8691-464D-62F8-14B6-FF02BC4D4D92}.Debug|x86.Build.0 = Debug|Any CPU
		{7E9B8691-464D-62F8-14B6-FF02BC4D4D92}.Release|Any CPU.ActiveCfg = Release|Any CPU
		{7E9B8691-464D-62F8-14B6-FF02BC4D4D92}.Release|Any CPU.Build.0 = Release|Any CPU
		{7E9B8691-464D-62F8-14B6-FF02BC4D4D92}.Release|x64.ActiveCfg = Release|Any CPU
		{7E9B8691-464D-62F8-14B6-FF02BC4D4D92}.Release|x64.Build.0 = Release|Any CPU
		{7E9B8691-464D-62F8-14B6-FF02BC4D4D92}.Release|x86.ActiveCfg = Release|Any CPU
		{7E9B8691-464D-62F8-14B6-FF02BC4D4D92}.Release|x86.Build.0 = Release|Any CPU
		{F3B1D943-B828-4A72-A7E1-B7E800584375}.Debug|Any CPU.ActiveCfg = Debug|Any CPU
		{F3B1D943-B828-4A72-A7E1-B7E800584375}.Debug|Any CPU.Build.0 = Debug|Any CPU
		{F3B1D943-B828-4A72-A7E1-B7E800584375}.Debug|x64.ActiveCfg = Debug|Any CPU
		{F3B1D943-B828-4A72-A7E1-B7E800584375}.Debug|x64.Build.0 = Debug|Any CPU
		{F3B1D943-B828-4A72-A7E1-B7E800584375}.Debug|x86.ActiveCfg = Debug|Any CPU
		{F3B1D943-B828-4A72-A7E1-B7E800584375}.Debug|x86.Build.0 = Debug|Any CPU
		{F3B1D943-B828-4A72-A7E1-B7E800584375}.Release|Any CPU.ActiveCfg = Release|Any CPU
		{F3B1D943-B828-4A72-A7E1-B7E800584375}.Release|Any CPU.Build.0 = Release|Any CPU
		{F3B1D943-B828-4A72-A7E1-B7E800584375}.Release|x64.ActiveCfg = Release|Any CPU
		{F3B1D943-B828-4A72-A7E1-B7E800584375}.Release|x64.Build.0 = Release|Any CPU
		{F3B1D943-B828-4A72-A7E1-B7E800584375}.Release|x86.ActiveCfg = Release|Any CPU
		{F3B1D943-B828-4A72-A7E1-B7E800584375}.Release|x86.Build.0 = Release|Any CPU
		{CE47C6EC-18FF-4461-9C8D-0D7C58F61A83}.Debug|Any CPU.ActiveCfg = Debug|Any CPU
		{CE47C6EC-18FF-4461-9C8D-0D7C58F61A83}.Debug|Any CPU.Build.0 = Debug|Any CPU
		{CE47C6EC-18FF-4461-9C8D-0D7C58F61A83}.Debug|x64.ActiveCfg = Debug|Any CPU
		{CE47C6EC-18FF-4461-9C8D-0D7C58F61A83}.Debug|x64.Build.0 = Debug|Any CPU
		{CE47C6EC-18FF-4461-9C8D-0D7C58F61A83}.Debug|x86.ActiveCfg = Debug|Any CPU
		{CE47C6EC-18FF-4461-9C8D-0D7C58F61A83}.Debug|x86.Build.0 = Debug|Any CPU
		{CE47C6EC-18FF-4461-9C8D-0D7C58F61A83}.Release|Any CPU.ActiveCfg = Release|Any CPU
		{CE47C6EC-18FF-4461-9C8D-0D7C58F61A83}.Release|Any CPU.Build.0 = Release|Any CPU
		{CE47C6EC-18FF-4461-9C8D-0D7C58F61A83}.Release|x64.ActiveCfg = Release|Any CPU
		{CE47C6EC-18FF-4461-9C8D-0D7C58F61A83}.Release|x64.Build.0 = Release|Any CPU
		{CE47C6EC-18FF-4461-9C8D-0D7C58F61A83}.Release|x86.ActiveCfg = Release|Any CPU
		{CE47C6EC-18FF-4461-9C8D-0D7C58F61A83}.Release|x86.Build.0 = Release|Any CPU
		{A978DFBE-F24F-465F-83C7-94CC6DD826BF}.Debug|Any CPU.ActiveCfg = Debug|Any CPU
		{A978DFBE-F24F-465F-83C7-94CC6DD826BF}.Debug|Any CPU.Build.0 = Debug|Any CPU
		{A978DFBE-F24F-465F-83C7-94CC6DD826BF}.Debug|x64.ActiveCfg = Debug|Any CPU
		{A978DFBE-F24F-465F-83C7-94CC6DD826BF}.Debug|x64.Build.0 = Debug|Any CPU
		{A978DFBE-F24F-465F-83C7-94CC6DD826BF}.Debug|x86.ActiveCfg = Debug|Any CPU
		{A978DFBE-F24F-465F-83C7-94CC6DD826BF}.Debug|x86.Build.0 = Debug|Any CPU
		{A978DFBE-F24F-465F-83C7-94CC6DD826BF}.Release|Any CPU.ActiveCfg = Release|Any CPU
		{A978DFBE-F24F-465F-83C7-94CC6DD826BF}.Release|Any CPU.Build.0 = Release|Any CPU
		{A978DFBE-F24F-465F-83C7-94CC6DD826BF}.Release|x64.ActiveCfg = Release|Any CPU
		{A978DFBE-F24F-465F-83C7-94CC6DD826BF}.Release|x64.Build.0 = Release|Any CPU
		{A978DFBE-F24F-465F-83C7-94CC6DD826BF}.Release|x86.ActiveCfg = Release|Any CPU
		{A978DFBE-F24F-465F-83C7-94CC6DD826BF}.Release|x86.Build.0 = Release|Any CPU
		{56179318-60FC-49A8-85A0-D48A6CF3E963}.Debug|Any CPU.ActiveCfg = Debug|Any CPU
		{56179318-60FC-49A8-85A0-D48A6CF3E963}.Debug|Any CPU.Build.0 = Debug|Any CPU
		{56179318-60FC-49A8-85A0-D48A6CF3E963}.Debug|x64.ActiveCfg = Debug|Any CPU
		{56179318-60FC-49A8-85A0-D48A6CF3E963}.Debug|x64.Build.0 = Debug|Any CPU
		{56179318-60FC-49A8-85A0-D48A6CF3E963}.Debug|x86.ActiveCfg = Debug|Any CPU
		{56179318-60FC-49A8-85A0-D48A6CF3E963}.Debug|x86.Build.0 = Debug|Any CPU
		{56179318-60FC-49A8-85A0-D48A6CF3E963}.Release|Any CPU.ActiveCfg = Release|Any CPU
		{56179318-60FC-49A8-85A0-D48A6CF3E963}.Release|Any CPU.Build.0 = Release|Any CPU
		{56179318-60FC-49A8-85A0-D48A6CF3E963}.Release|x64.ActiveCfg = Release|Any CPU
		{56179318-60FC-49A8-85A0-D48A6CF3E963}.Release|x64.Build.0 = Release|Any CPU
		{56179318-60FC-49A8-85A0-D48A6CF3E963}.Release|x86.ActiveCfg = Release|Any CPU
		{56179318-60FC-49A8-85A0-D48A6CF3E963}.Release|x86.Build.0 = Release|Any CPU
	EndGlobalSection
	GlobalSection(SolutionProperties) = preSolution
		HideSolutionNode = FALSE
	EndGlobalSection
	GlobalSection(NestedProjects) = preSolution
		{44010F52-D712-4403-BF9C-08A464727230} = {827E0CD3-B72D-47B6-A68D-7590B98EB39B}
		{E207C22E-D5FC-47C0-BA77-2A75B0B03272} = {827E0CD3-B72D-47B6-A68D-7590B98EB39B}
		{E3A1957A-9803-4B81-B1F0-EB66F8E7DE12} = {827E0CD3-B72D-47B6-A68D-7590B98EB39B}
		{3F8A1B2C-4D5E-46F7-9A8B-0C1D2E3F4A5B} = {827E0CD3-B72D-47B6-A68D-7590B98EB39B}
		{802E5B41-3FE0-49D3-B6F6-B43F98DD294A} = {45E6AD2B-E550-4375-A452-63A8FE7787E4}
		{289A8091-D213-4689-B1CD-03E5F15AF32F} = {45E6AD2B-E550-4375-A452-63A8FE7787E4}
		{C6C092FD-EDA4-4313-B7D8-E162861A2750} = {827E0CD3-B72D-47B6-A68D-7590B98EB39B}
		{A9EA3407-BCEE-4F73-980F-8287C71CB8DF} = {827E0CD3-B72D-47B6-A68D-7590B98EB39B}
		{FE8BFE31-7445-4EF9-BAC1-BFE0948A12C5} = {827E0CD3-B72D-47B6-A68D-7590B98EB39B}
		{2DDD50A4-4530-4B37-B4D8-9AC3868CB205} = {827E0CD3-B72D-47B6-A68D-7590B98EB39B}
		{7E9B8691-464D-62F8-14B6-FF02BC4D4D92} = {827E0CD3-B72D-47B6-A68D-7590B98EB39B}
		{F3B1D943-B828-4A72-A7E1-B7E800584375} = {0AB3BF05-4346-4AA6-1389-037BE0695223}
		{CE47C6EC-18FF-4461-9C8D-0D7C58F61A83} = {0AB3BF05-4346-4AA6-1389-037BE0695223}
		{A978DFBE-F24F-465F-83C7-94CC6DD826BF} = {0AB3BF05-4346-4AA6-1389-037BE0695223}
		{56179318-60FC-49A8-85A0-D48A6CF3E963} = {0AB3BF05-4346-4AA6-1389-037BE0695223}
	EndGlobalSection
	GlobalSection(ExtensibilityGlobals) = postSolution
		SolutionGuid = {2654F09D-E612-47A4-93C9-79A6F2B45627}
	EndGlobalSection
EndGlobal
