
Microsoft Visual Studio Solution File, Format Version 12.00
# Visual Studio Version 17
VisualStudioVersion = 17.10.34902.84
MinimumVisualStudioVersion = 10.0.40219.1
Project("{9A19103F-16F7-4668-BE54-9A1E7A4F7556}") = "HeadlessBlazor", "src\HeadlessBlazor\HeadlessBlazor.csproj", "{44010F52-D712-4403-BF9C-08A464727230}"
EndProject
Project("{9A19103F-16F7-4668-BE54-9A1E7A4F7556}") = "HeadlessBlazor.Dropdown", "src\HeadlessBlazor.Dropdown\HeadlessBlazor.Dropdown.csproj", "{E207C22E-D5FC-47C0-BA77-2A75B0B03272}"
EndProject
Project("{2150E333-8FDC-42A3-9474-1A3956D46DE8}") = "Docs", "Docs", "{45E6AD2B-E550-4375-A452-63A8FE7787E4}"
EndProject
Project("{9A19103F-16F7-4668-BE54-9A1E7A4F7556}") = "HeadlessBlazor.Core", "src\HeadlessBlazor.Core\HeadlessBlazor.Core.csproj", "{E3A1957A-9803-4B81-B1F0-EB66F8E7DE12}"
EndProject
Project("{9A19103F-16F7-4668-BE54-9A1E7A4F7556}") = "HeadlessBlazor.Docs.Client", "docs\HeadlessBlazor.Docs.Client\HeadlessBlazor.Docs.Client.csproj", "{802E5B41-3FE0-49D3-B6F6-B43F98DD294A}"
EndProject
Project("{9A19103F-16F7-4668-BE54-9A1E7A4F7556}") = "HeadlessBlazor.Docs", "docs\HeadlessBlazor.Docs\HeadlessBlazor.Docs.csproj", "{289A8091-D213-4689-B1CD-03E5F15AF32F}"
EndProject
Project("{FAE04EC0-301F-11D3-BF4B-00C04F79EFBC}") = "HeadlessBlazor.FloatingElement", "src\HeadlessBlazor.FloatingElement\HeadlessBlazor.FloatingElement.csproj", "{C6C092FD-EDA4-4313-B7D8-E162861A2750}"
EndProject
Global
	GlobalSection(SolutionConfigurationPlatforms) = preSolution
		Debug|Any CPU = Debug|Any CPU
		Release|Any CPU = Release|Any CPU
	EndGlobalSection
	GlobalSection(ProjectConfigurationPlatforms) = postSolution
		{44010F52-D712-4403-BF9C-08A464727230}.Debug|Any CPU.ActiveCfg = Debug|Any CPU
		{44010F52-D712-4403-BF9C-08A464727230}.Debug|Any CPU.Build.0 = Debug|Any CPU
		{44010F52-D712-4403-BF9C-08A464727230}.Release|Any CPU.ActiveCfg = Release|Any CPU
		{44010F52-D712-4403-BF9C-08A464727230}.Release|Any CPU.Build.0 = Release|Any CPU
		{E207C22E-D5FC-47C0-BA77-2A75B0B03272}.Debug|Any CPU.ActiveCfg = Debug|Any CPU
		{E207C22E-D5FC-47C0-BA77-2A75B0B03272}.Debug|Any CPU.Build.0 = Debug|Any CPU
		{E207C22E-D5FC-47C0-BA77-2A75B0B03272}.Release|Any CPU.ActiveCfg = Release|Any CPU
		{E207C22E-D5FC-47C0-BA77-2A75B0B03272}.Release|Any CPU.Build.0 = Release|Any CPU
		{E3A1957A-9803-4B81-B1F0-EB66F8E7DE12}.Debug|Any CPU.ActiveCfg = Debug|Any CPU
		{E3A1957A-9803-4B81-B1F0-EB66F8E7DE12}.Debug|Any CPU.Build.0 = Debug|Any CPU
		{E3A1957A-9803-4B81-B1F0-EB66F8E7DE12}.Release|Any CPU.ActiveCfg = Release|Any CPU
		{E3A1957A-9803-4B81-B1F0-EB66F8E7DE12}.Release|Any CPU.Build.0 = Release|Any CPU
		{802E5B41-3FE0-49D3-B6F6-B43F98DD294A}.Debug|Any CPU.ActiveCfg = Debug|Any CPU
		{802E5B41-3FE0-49D3-B6F6-B43F98DD294A}.Debug|Any CPU.Build.0 = Debug|Any CPU
		{802E5B41-3FE0-49D3-B6F6-B43F98DD294A}.Release|Any CPU.ActiveCfg = Release|Any CPU
		{802E5B41-3FE0-49D3-B6F6-B43F98DD294A}.Release|Any CPU.Build.0 = Release|Any CPU
		{289A8091-D213-4689-B1CD-03E5F15AF32F}.Debug|Any CPU.ActiveCfg = Debug|Any CPU
		{289A8091-D213-4689-B1CD-03E5F15AF32F}.Debug|Any CPU.Build.0 = Debug|Any CPU
		{289A8091-D213-4689-B1CD-03E5F15AF32F}.Release|Any CPU.ActiveCfg = Release|Any CPU
		{289A8091-D213-4689-B1CD-03E5F15AF32F}.Release|Any CPU.Build.0 = Release|Any CPU
		{C6C092FD-EDA4-4313-B7D8-E162861A2750}.Debug|Any CPU.ActiveCfg = Debug|Any CPU
		{C6C092FD-EDA4-4313-B7D8-E162861A2750}.Debug|Any CPU.Build.0 = Debug|Any CPU
		{C6C092FD-EDA4-4313-B7D8-E162861A2750}.Release|Any CPU.ActiveCfg = Release|Any CPU
		{C6C092FD-EDA4-4313-B7D8-E162861A2750}.Release|Any CPU.Build.0 = Release|Any CPU
	EndGlobalSection
	GlobalSection(SolutionProperties) = preSolution
		HideSolutionNode = FALSE
	EndGlobalSection
	GlobalSection(NestedProjects) = preSolution
		{802E5B41-3FE0-49D3-B6F6-B43F98DD294A} = {45E6AD2B-E550-4375-A452-63A8FE7787E4}
		{289A8091-D213-4689-B1CD-03E5F15AF32F} = {45E6AD2B-E550-4375-A452-63A8FE7787E4}
	EndGlobalSection
	GlobalSection(ExtensibilityGlobals) = postSolution
		SolutionGuid = {2654F09D-E612-47A4-93C9-79A6F2B45627}
	EndGlobalSection
EndGlobal
