
Microsoft Visual Studio Solution File, Format Version 12.00
# Visual Studio Version 17
VisualStudioVersion = 17.10.34902.84
MinimumVisualStudioVersion = 10.0.40219.1
Project("{2150E333-8FDC-42A3-9474-1A3956D46DE8}") = "Solution Items", "Solution Items", "{172636E0-D70E-4866-B6CD-49C458F47515}"
	ProjectSection(SolutionItems) = preProject
		LICENSE = LICENSE
		README.md = README.md
	EndProjectSection
EndProject
Project("{9A19103F-16F7-4668-BE54-9A1E7A4F7556}") = "HeadlessBlazor", "src\HeadlessBlazor\HeadlessBlazor.csproj", "{44010F52-D712-4403-BF9C-08A464727230}"
EndProject
Project("{2150E333-8FDC-42A3-9474-1A3956D46DE8}") = "Themes", "Themes", "{D143F401-9A70-46B7-9146-1B21F3B77BE5}"
EndProject
Project("{9A19103F-16F7-4668-BE54-9A1E7A4F7556}") = "BlazorWASM", "themes\Bootstrap\BlazorWASM\BlazorWASM.csproj", "{18DC8BC9-4E15-4A92-AB30-D80E2F651F19}"
EndProject
Project("{2150E333-8FDC-42A3-9474-1A3956D46DE8}") = "Bootstrap", "Bootstrap", "{65E7B1B3-5403-44AA-BB13-A13C8931E550}"
EndProject
Project("{9A19103F-16F7-4668-BE54-9A1E7A4F7556}") = "HeadlessBlazor.Dropdown", "src\HeadlessBlazor.Dropdown\HeadlessBlazor.Dropdown.csproj", "{E207C22E-D5FC-47C0-BA77-2A75B0B03272}"
EndProject
Global
	GlobalSection(SolutionConfigurationPlatforms) = preSolution
		Debug|Any CPU = Debug|Any CPU
		Release|Any CPU = Release|Any CPU
	EndGlobalSection
	GlobalSection(ProjectConfigurationPlatforms) = postSolution
		{44010F52-D712-4403-BF9C-08A464727230}.Debug|Any CPU.ActiveCfg = Debug|Any CPU
		{44010F52-D712-4403-BF9C-08A464727230}.Debug|Any CPU.Build.0 = Debug|Any CPU
		{44010F52-D712-4403-BF9C-08A464727230}.Release|Any CPU.ActiveCfg = Release|Any CPU
		{44010F52-D712-4403-BF9C-08A464727230}.Release|Any CPU.Build.0 = Release|Any CPU
		{18DC8BC9-4E15-4A92-AB30-D80E2F651F19}.Debug|Any CPU.ActiveCfg = Debug|Any CPU
		{18DC8BC9-4E15-4A92-AB30-D80E2F651F19}.Debug|Any CPU.Build.0 = Debug|Any CPU
		{18DC8BC9-4E15-4A92-AB30-D80E2F651F19}.Release|Any CPU.ActiveCfg = Release|Any CPU
		{18DC8BC9-4E15-4A92-AB30-D80E2F651F19}.Release|Any CPU.Build.0 = Release|Any CPU
		{E207C22E-D5FC-47C0-BA77-2A75B0B03272}.Debug|Any CPU.ActiveCfg = Debug|Any CPU
		{E207C22E-D5FC-47C0-BA77-2A75B0B03272}.Debug|Any CPU.Build.0 = Debug|Any CPU
		{E207C22E-D5FC-47C0-BA77-2A75B0B03272}.Release|Any CPU.ActiveCfg = Release|Any CPU
		{E207C22E-D5FC-47C0-BA77-2A75B0B03272}.Release|Any CPU.Build.0 = Release|Any CPU
	EndGlobalSection
	GlobalSection(SolutionProperties) = preSolution
		HideSolutionNode = FALSE
	EndGlobalSection
	GlobalSection(NestedProjects) = preSolution
		{18DC8BC9-4E15-4A92-AB30-D80E2F651F19} = {65E7B1B3-5403-44AA-BB13-A13C8931E550}
		{65E7B1B3-5403-44AA-BB13-A13C8931E550} = {D143F401-9A70-46B7-9146-1B21F3B77BE5}
	EndGlobalSection
	GlobalSection(ExtensibilityGlobals) = postSolution
		SolutionGuid = {2654F09D-E612-47A4-93C9-79A6F2B45627}
	EndGlobalSection
EndGlobal
