{
  "name": "headlessblazor",
  "version": "1.0.0",
  "lockfileVersion": 3,
  "requires": true,
  "packages": {
    "": {
      "name": "headlessblazor",
      "version": "1.0.0",
      "license": "ISC",
      "dependencies": {
        "@floating-ui/dom": "^1.6.5"
      }
    },
    "node_modules/@floating-ui/core": {
      "version": "1.6.2",
      "resolved": "https://registry.npmjs.org/@floating-ui/core/-/core-1.6.2.tgz",
      "integrity": "sha512-+2XpQV9LLZeanU4ZevzRnGFg2neDeKHgFLjP6YLW+tly0IvrhqT4u8enLGjLH3qeh85g19xY5rsAusfwTdn5lg==",
      "dependencies": {
        "@floating-ui/utils": "^0.2.0"
      }
    },
    "node_modules/@floating-ui/dom": {
      "version": "1.6.5",
      "resolved": "https://registry.npmjs.org/@floating-ui/dom/-/dom-1.6.5.tgz",
      "integrity": "sha512-Nsdud2X65Dz+1RHjAIP0t8z5e2ff/IRbei6BqFrl1urT8sDVzM1HMQ+R0XcU5ceRfyO3I6ayeqIfh+6Wb8LGTw==",
      "dependencies": {
        "@floating-ui/core": "^1.0.0",
        "@floating-ui/utils": "^0.2.0"
      }
    },
    "node_modules/@floating-ui/utils": {
      "version": "0.2.2",
      "resolved": "https://registry.npmjs.org/@floating-ui/utils/-/utils-0.2.2.tgz",
      "integrity": "sha512-J4yDIIthosAsRZ5CPYP/jQvUAQtlZTTD/4suA08/FEnlxqW3sKS9iAhgsa9VYLZ6vDHn/ixJgIqRQPotoBjxIw=="
    }
  }
}
